
Microsoft Visual Studio Solution File, Format Version 12.00
# Visual Studio Version 17
VisualStudioVersion = 17.1.32210.238
MinimumVisualStudioVersion = 10.0.40219.1
Project("{FAE04EC0-301F-11D3-BF4B-00C04F79EFBC}") = "Calculator.Client", "Calculator.Client\Calculator.Client.csproj", "{6DD1B11F-7972-4565-925B-6494028BAEDE}"
EndProject
Global
	GlobalSection(SolutionConfigurationPlatforms) = preSolution
		Debug|Any CPU = Debug|Any CPU
		Release|Any CPU = Release|Any CPU
	EndGlobalSection
	GlobalSection(ProjectConfigurationPlatforms) = postSolution
		{6DD1B11F-7972-4565-925B-6494028BAEDE}.Debug|Any CPU.ActiveCfg = Debug|Any CPU
		{6DD1B11F-7972-4565-925B-6494028BAEDE}.Debug|Any CPU.Build.0 = Debug|Any CPU
		{6DD1B11F-7972-4565-925B-6494028BAEDE}.Release|Any CPU.ActiveCfg = Release|Any CPU
		{6DD1B11F-7972-4565-925B-6494028BAEDE}.Release|Any CPU.Build.0 = Release|Any CPU
	EndGlobalSection
	GlobalSection(SolutionProperties) = preSolution
		HideSolutionNode = FALSE
	EndGlobalSection
	GlobalSection(ExtensibilityGlobals) = postSolution
		SolutionGuid = {53219975-B003-4547-A335-8C8DC557D75B}
	EndGlobalSection
EndGlobal
